
Microsoft Visual Studio Solution File, Format Version 12.00
Project("{FAE04EC0-301F-11D3-BF4B-00C04F79EFBC}") = "Calk", "Calk\Calk.csproj", "{11115A59-34F8-4656-ABB2-4576E26054CE}"
EndProject
Global
	GlobalSection(SolutionConfigurationPlatforms) = preSolution
		Debug|Any CPU = Debug|Any CPU
		Release|Any CPU = Release|Any CPU
	EndGlobalSection
	GlobalSection(ProjectConfigurationPlatforms) = postSolution
		{11115A59-34F8-4656-ABB2-4576E26054CE}.Debug|Any CPU.ActiveCfg = Debug|Any CPU
		{11115A59-34F8-4656-ABB2-4576E26054CE}.Debug|Any CPU.Build.0 = Debug|Any CPU
		{11115A59-34F8-4656-ABB2-4576E26054CE}.Release|Any CPU.ActiveCfg = Release|Any CPU
		{11115A59-34F8-4656-ABB2-4576E26054CE}.Release|Any CPU.Build.0 = Release|Any CPU
	EndGlobalSection
EndGlobal
